
Microsoft Visual Studio Solution File, Format Version 12.00
# Visual Studio Version 16
VisualStudioVersion = 16.0.29509.3
MinimumVisualStudioVersion = 10.0.40219.1
Project("{2150E333-8FDC-42A3-9474-1A3956D46DE8}") = "src", "src", "{829AB790-AB43-4057-A142-F44B07CB634E}"
EndProject
Project("{2150E333-8FDC-42A3-9474-1A3956D46DE8}") = "0 - Presentation", "0 - Presentation", "{BC39F396-9B99-4E4B-94D6-1A37E3838408}"
EndProject
Project("{2150E333-8FDC-42A3-9474-1A3956D46DE8}") = "1 - Application", "1 - Application", "{4475C0ED-BFC3-4AD4-8B91-96905F5E8A59}"
EndProject
Project("{2150E333-8FDC-42A3-9474-1A3956D46DE8}") = "2 - Domain", "2 - Domain", "{969F724D-67DB-40E5-870A-1CB2BF26C8AE}"
EndProject
Project("{2150E333-8FDC-42A3-9474-1A3956D46DE8}") = "3 - Infra", "3 - Infra", "{A8D31003-B9A4-4BF4-91B0-78344B65434A}"
EndProject
Project("{2150E333-8FDC-42A3-9474-1A3956D46DE8}") = "3.1 - Data", "3.1 - Data", "{9F9022F4-CA50-4B41-8BBA-84E6427277CF}"
EndProject
Project("{2150E333-8FDC-42A3-9474-1A3956D46DE8}") = "3.2 - CrossCutting", "3.2 - CrossCutting", "{11B66727-C754-42E3-B23C-F7E9F996D719}"
EndProject
Project("{9A19103F-16F7-4668-BE54-9A1E7A4F7556}") = "ModelProject.Presentation", "src\ModelProject.Presentation\ModelProject.Presentation.csproj", "{7E6C71B4-450F-418B-BA66-DC2808CDB1B6}"
EndProject
Project("{9A19103F-16F7-4668-BE54-9A1E7A4F7556}") = "ModelProject.Application", "src\ModelProject.Service\ModelProject.Application.csproj", "{93BCCCC1-C43C-4286-AFE1-ED79A310CD6C}"
EndProject
Project("{9A19103F-16F7-4668-BE54-9A1E7A4F7556}") = "ModelProject.Infra.Data", "src\ModelProject.Infra.Data\ModelProject.Infra.Data.csproj", "{6BD11341-C678-44EE-A004-F936ABCA25C4}"
EndProject
Project("{9A19103F-16F7-4668-BE54-9A1E7A4F7556}") = "ModelProject.Infra.CrossCutting", "src\ModelProject.Infra.CrossCutting\ModelProject.Infra.CrossCutting.csproj", "{4AE2B8DB-70F9-42A9-88B1-37677FE1B120}"
EndProject
Project("{2150E333-8FDC-42A3-9474-1A3956D46DE8}") = "4 - Util", "4 - Util", "{09942077-FE9E-42B1-ABA7-A19096526A38}"
EndProject
Project("{9A19103F-16F7-4668-BE54-9A1E7A4F7556}") = "ModelProject.Resources", "src\ModelProject.Resources\ModelProject.Resources.csproj", "{59C8DDE3-1AD1-4BB4-9D02-AEF213D453BF}"
EndProject
Project("{9A19103F-16F7-4668-BE54-9A1E7A4F7556}") = "ModelProject.Domain", "src\ModelProject.Domain\ModelProject.Domain.csproj", "{52751BD7-A295-4B76-BFC2-3899DA41BB59}"
EndProject
Global
	GlobalSection(SolutionConfigurationPlatforms) = preSolution
		Debug|Any CPU = Debug|Any CPU
		Release|Any CPU = Release|Any CPU
	EndGlobalSection
	GlobalSection(ProjectConfigurationPlatforms) = postSolution
		{7E6C71B4-450F-418B-BA66-DC2808CDB1B6}.Debug|Any CPU.ActiveCfg = Debug|Any CPU
		{7E6C71B4-450F-418B-BA66-DC2808CDB1B6}.Debug|Any CPU.Build.0 = Debug|Any CPU
		{7E6C71B4-450F-418B-BA66-DC2808CDB1B6}.Release|Any CPU.ActiveCfg = Release|Any CPU
		{7E6C71B4-450F-418B-BA66-DC2808CDB1B6}.Release|Any CPU.Build.0 = Release|Any CPU
		{93BCCCC1-C43C-4286-AFE1-ED79A310CD6C}.Debug|Any CPU.ActiveCfg = Debug|Any CPU
		{93BCCCC1-C43C-4286-AFE1-ED79A310CD6C}.Debug|Any CPU.Build.0 = Debug|Any CPU
		{93BCCCC1-C43C-4286-AFE1-ED79A310CD6C}.Release|Any CPU.ActiveCfg = Release|Any CPU
		{93BCCCC1-C43C-4286-AFE1-ED79A310CD6C}.Release|Any CPU.Build.0 = Release|Any CPU
		{6BD11341-C678-44EE-A004-F936ABCA25C4}.Debug|Any CPU.ActiveCfg = Debug|Any CPU
		{6BD11341-C678-44EE-A004-F936ABCA25C4}.Debug|Any CPU.Build.0 = Debug|Any CPU
		{6BD11341-C678-44EE-A004-F936ABCA25C4}.Release|Any CPU.ActiveCfg = Release|Any CPU
		{6BD11341-C678-44EE-A004-F936ABCA25C4}.Release|Any CPU.Build.0 = Release|Any CPU
		{4AE2B8DB-70F9-42A9-88B1-37677FE1B120}.Debug|Any CPU.ActiveCfg = Debug|Any CPU
		{4AE2B8DB-70F9-42A9-88B1-37677FE1B120}.Debug|Any CPU.Build.0 = Debug|Any CPU
		{4AE2B8DB-70F9-42A9-88B1-37677FE1B120}.Release|Any CPU.ActiveCfg = Release|Any CPU
		{4AE2B8DB-70F9-42A9-88B1-37677FE1B120}.Release|Any CPU.Build.0 = Release|Any CPU
		{59C8DDE3-1AD1-4BB4-9D02-AEF213D453BF}.Debug|Any CPU.ActiveCfg = Debug|Any CPU
		{59C8DDE3-1AD1-4BB4-9D02-AEF213D453BF}.Debug|Any CPU.Build.0 = Debug|Any CPU
		{59C8DDE3-1AD1-4BB4-9D02-AEF213D453BF}.Release|Any CPU.ActiveCfg = Release|Any CPU
		{59C8DDE3-1AD1-4BB4-9D02-AEF213D453BF}.Release|Any CPU.Build.0 = Release|Any CPU
		{52751BD7-A295-4B76-BFC2-3899DA41BB59}.Debug|Any CPU.ActiveCfg = Debug|Any CPU
		{52751BD7-A295-4B76-BFC2-3899DA41BB59}.Debug|Any CPU.Build.0 = Debug|Any CPU
		{52751BD7-A295-4B76-BFC2-3899DA41BB59}.Release|Any CPU.ActiveCfg = Release|Any CPU
		{52751BD7-A295-4B76-BFC2-3899DA41BB59}.Release|Any CPU.Build.0 = Release|Any CPU
	EndGlobalSection
	GlobalSection(SolutionProperties) = preSolution
		HideSolutionNode = FALSE
	EndGlobalSection
	GlobalSection(NestedProjects) = preSolution
		{BC39F396-9B99-4E4B-94D6-1A37E3838408} = {829AB790-AB43-4057-A142-F44B07CB634E}
		{4475C0ED-BFC3-4AD4-8B91-96905F5E8A59} = {829AB790-AB43-4057-A142-F44B07CB634E}
		{969F724D-67DB-40E5-870A-1CB2BF26C8AE} = {829AB790-AB43-4057-A142-F44B07CB634E}
		{A8D31003-B9A4-4BF4-91B0-78344B65434A} = {829AB790-AB43-4057-A142-F44B07CB634E}
		{9F9022F4-CA50-4B41-8BBA-84E6427277CF} = {A8D31003-B9A4-4BF4-91B0-78344B65434A}
		{11B66727-C754-42E3-B23C-F7E9F996D719} = {A8D31003-B9A4-4BF4-91B0-78344B65434A}
		{7E6C71B4-450F-418B-BA66-DC2808CDB1B6} = {BC39F396-9B99-4E4B-94D6-1A37E3838408}
		{93BCCCC1-C43C-4286-AFE1-ED79A310CD6C} = {4475C0ED-BFC3-4AD4-8B91-96905F5E8A59}
		{6BD11341-C678-44EE-A004-F936ABCA25C4} = {9F9022F4-CA50-4B41-8BBA-84E6427277CF}
		{4AE2B8DB-70F9-42A9-88B1-37677FE1B120} = {11B66727-C754-42E3-B23C-F7E9F996D719}
		{09942077-FE9E-42B1-ABA7-A19096526A38} = {829AB790-AB43-4057-A142-F44B07CB634E}
		{59C8DDE3-1AD1-4BB4-9D02-AEF213D453BF} = {09942077-FE9E-42B1-ABA7-A19096526A38}
		{52751BD7-A295-4B76-BFC2-3899DA41BB59} = {969F724D-67DB-40E5-870A-1CB2BF26C8AE}
	EndGlobalSection
	GlobalSection(ExtensibilityGlobals) = postSolution
		SolutionGuid = {C94D0FA3-9EA6-49C3-BC15-1C2055876E6D}
	EndGlobalSection
EndGlobal
